{
  "requires": true,
  "lockfileVersion": 1,
  "dependencies": {
    "@types/prop-types": {
      "version": "15.7.3",
      "resolved": "http://172.16.8.10:8081/repository/npm-all/@types/prop-types/-/prop-types-15.7.3.tgz",
      "integrity": "sha1-KrDV2i5YFflLC51LldHl8kOrLKc="
    },
    "@types/react": {
      "version": "16.9.27",
      "resolved": "http://172.16.8.10:8081/repository/npm-all/@types/react/-/react-16.9.27.tgz",
      "integrity": "sha1-f8XbmePsPyFzW0TTVgz/aEhWgUo=",
      "requires": {
        "@types/prop-types": "*",
        "csstype": "^2.2.0"
      }
    },
    "@types/react-dom": {
      "version": "16.9.5",
      "resolved": "http://172.16.8.10:8081/repository/npm-all/@types/react-dom/-/react-dom-16.9.5.tgz",
      "integrity": "sha1-XeYQsEo10H/9j0TtrZOnEDLZqqc=",
      "requires": {
        "@types/react": "*"
      }
    },
    "csstype": {
      "version": "2.6.9",
      "resolved": "http://172.16.8.10:8081/repository/npm-all/csstype/-/csstype-2.6.9.tgz",
      "integrity": "sha1-BRQdDNVXpWuIkTlMGRHEDIqY0Jg="
    }
  }
}
